
Microsoft Visual Studio Solution File, Format Version 12.00
# Visual Studio 2017
Project("{FAE04EC0-301F-11D3-BF4B-00C04F79EFBC}") = "AP Calc Testing Simulator 2017", "AP Calc Testing Simulator 2017.csproj", "{B4CE8084-7BC1-ADD0-A19D-3B2B2B1916D6}"
EndProject
Project("{FAE04EC0-301F-11D3-BF4B-00C04F79EFBC}") = "AP Calc Testing Simulator 2017.Editor", "AP Calc Testing Simulator 2017.Editor.csproj", "{D18257CA-E288-EED3-302D-8C481E00E4A6}"
EndProject
Global
	GlobalSection(SolutionConfigurationPlatforms) = preSolution
		Debug|Any CPU = Debug|Any CPU
		Release|Any CPU = Release|Any CPU
	EndGlobalSection
	GlobalSection(ProjectConfigurationPlatforms) = postSolution
		{B4CE8084-7BC1-ADD0-A19D-3B2B2B1916D6}.Debug|Any CPU.ActiveCfg = Debug|Any CPU
		{B4CE8084-7BC1-ADD0-A19D-3B2B2B1916D6}.Debug|Any CPU.Build.0 = Debug|Any CPU
		{B4CE8084-7BC1-ADD0-A19D-3B2B2B1916D6}.Release|Any CPU.ActiveCfg = Release|Any CPU
		{B4CE8084-7BC1-ADD0-A19D-3B2B2B1916D6}.Release|Any CPU.Build.0 = Release|Any CPU
		{D18257CA-E288-EED3-302D-8C481E00E4A6}.Debug|Any CPU.ActiveCfg = Debug|Any CPU
		{D18257CA-E288-EED3-302D-8C481E00E4A6}.Debug|Any CPU.Build.0 = Debug|Any CPU
		{D18257CA-E288-EED3-302D-8C481E00E4A6}.Release|Any CPU.ActiveCfg = Release|Any CPU
		{D18257CA-E288-EED3-302D-8C481E00E4A6}.Release|Any CPU.Build.0 = Release|Any CPU
	EndGlobalSection
	GlobalSection(SolutionProperties) = preSolution
		HideSolutionNode = FALSE
	EndGlobalSection
EndGlobal
